
Microsoft Visual Studio Solution File, Format Version 12.00
# Visual Studio Version 17
VisualStudioVersion = 17.12.35521.163 d17.12
MinimumVisualStudioVersion = 10.0.40219.1
Project("{FAE04EC0-301F-11D3-BF4B-00C04F79EFBC}") = "6ADB_DemoGitHub", "6ADB_DemoGitHub\6ADB_DemoGitHub.csproj", "{BBB392A0-10C0-49C4-BBB1-10F03D7D67FD}"
EndProject
Global
	GlobalSection(SolutionConfigurationPlatforms) = preSolution
		Debug|Any CPU = Debug|Any CPU
		Release|Any CPU = Release|Any CPU
	EndGlobalSection
	GlobalSection(ProjectConfigurationPlatforms) = postSolution
		{BBB392A0-10C0-49C4-BBB1-10F03D7D67FD}.Debug|Any CPU.ActiveCfg = Debug|Any CPU
		{BBB392A0-10C0-49C4-BBB1-10F03D7D67FD}.Debug|Any CPU.Build.0 = Debug|Any CPU
		{BBB392A0-10C0-49C4-BBB1-10F03D7D67FD}.Release|Any CPU.ActiveCfg = Release|Any CPU
		{BBB392A0-10C0-49C4-BBB1-10F03D7D67FD}.Release|Any CPU.Build.0 = Release|Any CPU
	EndGlobalSection
	GlobalSection(SolutionProperties) = preSolution
		HideSolutionNode = FALSE
	EndGlobalSection
EndGlobal
